
Microsoft Visual Studio Solution File, Format Version 12.00
# Visual Studio Version 17
VisualStudioVersion = 17.2.32630.192
MinimumVisualStudioVersion = 10.0.40219.1
Project("{FAE04EC0-301F-11D3-BF4B-00C04F79EFBC}") = "Shumayl Notes", "Shumayl Notes.csproj", "{DCC1E767-AFFE-4201-B4CD-A248158D161F}"
EndProject
Global
	GlobalSection(SolutionConfigurationPlatforms) = preSolution
		Debug|Any CPU = Debug|Any CPU
		Release|Any CPU = Release|Any CPU
	EndGlobalSection
	GlobalSection(ProjectConfigurationPlatforms) = postSolution
		{DCC1E767-AFFE-4201-B4CD-A248158D161F}.Debug|Any CPU.ActiveCfg = Debug|Any CPU
		{DCC1E767-AFFE-4201-B4CD-A248158D161F}.Debug|Any CPU.Build.0 = Debug|Any CPU
		{DCC1E767-AFFE-4201-B4CD-A248158D161F}.Release|Any CPU.ActiveCfg = Release|Any CPU
		{DCC1E767-AFFE-4201-B4CD-A248158D161F}.Release|Any CPU.Build.0 = Release|Any CPU
	EndGlobalSection
	GlobalSection(SolutionProperties) = preSolution
		HideSolutionNode = FALSE
	EndGlobalSection
	GlobalSection(ExtensibilityGlobals) = postSolution
		SolutionGuid = {74553571-9179-486A-AA6F-DA0D225B06BC}
	EndGlobalSection
EndGlobal
